// !$*UTF8*$!
{
	archiveVersion = 1;
	classes = {
	};
	objectVersion = 46;
	objects = {

/* Begin PBXBuildFile section */
		C458823713CAC196003097A4 /* UIKit.framework in Frameworks */ = {isa = PBXBuildFile; fileRef = C458823613CAC196003097A4 /* UIKit.framework */; };
		C458823913CAC196003097A4 /* Foundation.framework in Frameworks */ = {isa = PBXBuildFile; fileRef = C458823813CAC196003097A4 /* Foundation.framework */; };
		C458823B13CAC196003097A4 /* CoreGraphics.framework in Frameworks */ = {isa = PBXBuildFile; fileRef = C458823A13CAC196003097A4 /* CoreGraphics.framework */; };
		C458824113CAC196003097A4 /* InfoPlist.strings in Resources */ = {isa = PBXBuildFile; fileRef = C458823F13CAC196003097A4 /* InfoPlist.strings */; };
		C458824413CAC196003097A4 /* main.m in Sources */ = {isa = PBXBuildFile; fileRef = C458824313CAC196003097A4 /* main.m */; };
		C458824713CAC196003097A4 /* WhereIsMyCarAppDelegate.m in Sources */ = {isa = PBXBuildFile; fileRef = C458824613CAC196003097A4 /* WhereIsMyCarAppDelegate.m */; };
		C458824A13CAC196003097A4 /* MainWindow.xib in Resources */ = {isa = PBXBuildFile; fileRef = C458824813CAC196003097A4 /* MainWindow.xib */; };
		C458824D13CAC196003097A4 /* FirstViewController.m in Sources */ = {isa = PBXBuildFile; fileRef = C458824C13CAC196003097A4 /* FirstViewController.m */; };
		C458825013CAC196003097A4 /* SecondViewController.m in Sources */ = {isa = PBXBuildFile; fileRef = C458824F13CAC196003097A4 /* SecondViewController.m */; };
		C458825313CAC196003097A4 /* FirstView.xib in Resources */ = {isa = PBXBuildFile; fileRef = C458825113CAC196003097A4 /* FirstView.xib */; };
		C458825613CAC196003097A4 /* SecondView.xib in Resources */ = {isa = PBXBuildFile; fileRef = C458825413CAC196003097A4 /* SecondView.xib */; };
		C45882A613CAC57F003097A4 /* MapKit.framework in Frameworks */ = {isa = PBXBuildFile; fileRef = C45882A413CAC53A003097A4 /* MapKit.framework */; };
		C45882A713CAC582003097A4 /* CoreLocation.framework in Frameworks */ = {isa = PBXBuildFile; fileRef = C45882A113CAC534003097A4 /* CoreLocation.framework */; };
		C45882AE13CACEE5003097A4 /* CarLocator.mm in Sources */ = {isa = PBXBuildFile; fileRef = C45882AD13CACEE5003097A4 /* CarLocator.mm */; };
/* End PBXBuildFile section */

/* Begin PBXFileReference section */
		C458823213CAC196003097A4 /* WhereIsMyCar.app */ = {isa = PBXFileReference; explicitFileType = wrapper.application; includeInIndex = 0; path = WhereIsMyCar.app; sourceTree = BUILT_PRODUCTS_DIR; };
		C458823613CAC196003097A4 /* UIKit.framework */ = {isa = PBXFileReference; lastKnownFileType = wrapper.framework; name = UIKit.framework; path = System/Library/Frameworks/UIKit.framework; sourceTree = SDKROOT; };
		C458823813CAC196003097A4 /* Foundation.framework */ = {isa = PBXFileReference; lastKnownFileType = wrapper.framework; name = Foundation.framework; path = System/Library/Frameworks/Foundation.framework; sourceTree = SDKROOT; };
		C458823A13CAC196003097A4 /* CoreGraphics.framework */ = {isa = PBXFileReference; lastKnownFileType = wrapper.framework; name = CoreGraphics.framework; path = System/Library/Frameworks/CoreGraphics.framework; sourceTree = SDKROOT; };
		C458823E13CAC196003097A4 /* WhereIsMyCar-Info.plist */ = {isa = PBXFileReference; lastKnownFileType = text.plist.xml; path = "WhereIsMyCar-Info.plist"; sourceTree = "<group>"; };
		C458824013CAC196003097A4 /* en */ = {isa = PBXFileReference; lastKnownFileType = text.plist.strings; name = en; path = en.lproj/InfoPlist.strings; sourceTree = "<group>"; };
		C458824213CAC196003097A4 /* WhereIsMyCar-Prefix.pch */ = {isa = PBXFileReference; lastKnownFileType = sourcecode.c.h; path = "WhereIsMyCar-Prefix.pch"; sourceTree = "<group>"; };
		C458824313CAC196003097A4 /* main.m */ = {isa = PBXFileReference; lastKnownFileType = sourcecode.c.objc; path = main.m; sourceTree = "<group>"; };
		C458824513CAC196003097A4 /* WhereIsMyCarAppDelegate.h */ = {isa = PBXFileReference; lastKnownFileType = sourcecode.c.h; path = WhereIsMyCarAppDelegate.h; sourceTree = "<group>"; };
		C458824613CAC196003097A4 /* WhereIsMyCarAppDelegate.m */ = {isa = PBXFileReference; lastKnownFileType = sourcecode.c.objc; path = WhereIsMyCarAppDelegate.m; sourceTree = "<group>"; };
		C458824913CAC196003097A4 /* en */ = {isa = PBXFileReference; lastKnownFileType = file.xib; name = en; path = en.lproj/MainWindow.xib; sourceTree = "<group>"; };
		C458824B13CAC196003097A4 /* FirstViewController.h */ = {isa = PBXFileReference; lastKnownFileType = sourcecode.c.h; path = FirstViewController.h; sourceTree = "<group>"; };
		C458824C13CAC196003097A4 /* FirstViewController.m */ = {isa = PBXFileReference; lastKnownFileType = sourcecode.c.objc; path = FirstViewController.m; sourceTree = "<group>"; };
		C458824E13CAC196003097A4 /* SecondViewController.h */ = {isa = PBXFileReference; lastKnownFileType = sourcecode.c.h; path = SecondViewController.h; sourceTree = "<group>"; };
		C458824F13CAC196003097A4 /* SecondViewController.m */ = {isa = PBXFileReference; lastKnownFileType = sourcecode.c.objc; path = SecondViewController.m; sourceTree = "<group>"; };
		C458825213CAC196003097A4 /* en */ = {isa = PBXFileReference; lastKnownFileType = file.xib; name = en; path = en.lproj/FirstView.xib; sourceTree = "<group>"; };
		C458825513CAC196003097A4 /* en */ = {isa = PBXFileReference; lastKnownFileType = file.xib; name = en; path = en.lproj/SecondView.xib; sourceTree = "<group>"; };
		C45882A113CAC534003097A4 /* CoreLocation.framework */ = {isa = PBXFileReference; lastKnownFileType = wrapper.framework; name = CoreLocation.framework; path = System/Library/Frameworks/CoreLocation.framework; sourceTree = SDKROOT; };
		C45882A413CAC53A003097A4 /* MapKit.framework */ = {isa = PBXFileReference; lastKnownFileType = wrapper.framework; name = MapKit.framework; path = System/Library/Frameworks/MapKit.framework; sourceTree = SDKROOT; };
		C45882AC13CACEE5003097A4 /* CarLocator.h */ = {isa = PBXFileReference; fileEncoding = 4; lastKnownFileType = sourcecode.c.h; path = CarLocator.h; sourceTree = "<group>"; };
		C45882AD13CACEE5003097A4 /* CarLocator.mm */ = {isa = PBXFileReference; fileEncoding = 4; lastKnownFileType = sourcecode.cpp.objcpp; path = CarLocator.mm; sourceTree = "<group>"; };
/* End PBXFileReference section */

/* Begin PBXFrameworksBuildPhase section */
		C458822F13CAC196003097A4 /* Frameworks */ = {
			isa = PBXFrameworksBuildPhase;
			buildActionMask = 2147483647;
			files = (
				C458823713CAC196003097A4 /* UIKit.framework in Frameworks */,
				C458823913CAC196003097A4 /* Foundation.framework in Frameworks */,
				C458823B13CAC196003097A4 /* CoreGraphics.framework in Frameworks */,
				C45882A713CAC582003097A4 /* CoreLocation.framework in Frameworks */,
				C45882A613CAC57F003097A4 /* MapKit.framework in Frameworks */,
			);
			runOnlyForDeploymentPostprocessing = 0;
		};
/* End PBXFrameworksBuildPhase section */

/* Begin PBXGroup section */
		C458822713CAC196003097A4 = {
			isa = PBXGroup;
			children = (
				C45882AB13CACEAC003097A4 /* Resources */,
				C458823C13CAC196003097A4 /* WhereIsMyCar */,
				C458823513CAC196003097A4 /* Frameworks */,
				C458823313CAC196003097A4 /* Products */,
			);
			sourceTree = "<group>";
		};
		C458823313CAC196003097A4 /* Products */ = {
			isa = PBXGroup;
			children = (
				C458823213CAC196003097A4 /* WhereIsMyCar.app */,
			);
			name = Products;
			sourceTree = "<group>";
		};
		C458823513CAC196003097A4 /* Frameworks */ = {
			isa = PBXGroup;
			children = (
				C45882A413CAC53A003097A4 /* MapKit.framework */,
				C45882A113CAC534003097A4 /* CoreLocation.framework */,
				C458823613CAC196003097A4 /* UIKit.framework */,
				C458823813CAC196003097A4 /* Foundation.framework */,
				C458823A13CAC196003097A4 /* CoreGraphics.framework */,
			);
			name = Frameworks;
			sourceTree = "<group>";
		};
		C458823C13CAC196003097A4 /* WhereIsMyCar */ = {
			isa = PBXGroup;
			children = (
				C45882AC13CACEE5003097A4 /* CarLocator.h */,
				C45882AD13CACEE5003097A4 /* CarLocator.mm */,
				C458824513CAC196003097A4 /* WhereIsMyCarAppDelegate.h */,
				C458824613CAC196003097A4 /* WhereIsMyCarAppDelegate.m */,
				C458824B13CAC196003097A4 /* FirstViewController.h */,
				C458824C13CAC196003097A4 /* FirstViewController.m */,
				C458824E13CAC196003097A4 /* SecondViewController.h */,
				C458824F13CAC196003097A4 /* SecondViewController.m */,
				C458823D13CAC196003097A4 /* Supporting Files */,
			);
			path = WhereIsMyCar;
			sourceTree = "<group>";
		};
		C458823D13CAC196003097A4 /* Supporting Files */ = {
			isa = PBXGroup;
			children = (
				C458823E13CAC196003097A4 /* WhereIsMyCar-Info.plist */,
				C458823F13CAC196003097A4 /* InfoPlist.strings */,
				C458824213CAC196003097A4 /* WhereIsMyCar-Prefix.pch */,
				C458824313CAC196003097A4 /* main.m */,
			);
			name = "Supporting Files";
			sourceTree = "<group>";
		};
		C45882AB13CACEAC003097A4 /* Resources */ = {
			isa = PBXGroup;
			children = (
				C458824813CAC196003097A4 /* MainWindow.xib */,
				C458825113CAC196003097A4 /* FirstView.xib */,
				C458825413CAC196003097A4 /* SecondView.xib */,
			);
			name = Resources;
			sourceTree = "<group>";
		};
/* End PBXGroup section */

/* Begin PBXNativeTarget section */
		C458823113CAC196003097A4 /* WhereIsMyCar */ = {
			isa = PBXNativeTarget;
			buildConfigurationList = C458825913CAC196003097A4 /* Build configuration list for PBXNativeTarget "WhereIsMyCar" */;
			buildPhases = (
				C458822E13CAC196003097A4 /* Sources */,
				C458822F13CAC196003097A4 /* Frameworks */,
				C458823013CAC196003097A4 /* Resources */,
			);
			buildRules = (
			);
			dependencies = (
			);
			name = WhereIsMyCar;
			productName = WhereIsMyCar;
			productReference = C458823213CAC196003097A4 /* WhereIsMyCar.app */;
			productType = "com.apple.product-type.application";
		};
/* End PBXNativeTarget section */

/* Begin PBXProject section */
		C458822913CAC196003097A4 /* Project object */ = {
			isa = PBXProject;
			attributes = {
				ORGANIZATIONNAME = Indiefoodies;
			};
			buildConfigurationList = C458822C13CAC196003097A4 /* Build configuration list for PBXProject "WhereIsMyCar" */;
			compatibilityVersion = "Xcode 3.2";
			developmentRegion = English;
			hasScannedForEncodings = 0;
			knownRegions = (
				en,
			);
			mainGroup = C458822713CAC196003097A4;
			productRefGroup = C458823313CAC196003097A4 /* Products */;
			projectDirPath = "";
			projectRoot = "";
			targets = (
				C458823113CAC196003097A4 /* WhereIsMyCar */,
			);
		};
/* End PBXProject section */

/* Begin PBXResourcesBuildPhase section */
		C458823013CAC196003097A4 /* Resources */ = {
			isa = PBXResourcesBuildPhase;
			buildActionMask = 2147483647;
			files = (
				C458824113CAC196003097A4 /* InfoPlist.strings in Resources */,
				C458824A13CAC196003097A4 /* MainWindow.xib in Resources */,
				C458825313CAC196003097A4 /* FirstView.xib in Resources */,
				C458825613CAC196003097A4 /* SecondView.xib in Resources */,
			);
			runOnlyForDeploymentPostprocessing = 0;
		};
/* End PBXResourcesBuildPhase section */

/* Begin PBXSourcesBuildPhase section */
		C458822E13CAC196003097A4 /* Sources */ = {
			isa = PBXSourcesBuildPhase;
			buildActionMask = 2147483647;
			files = (
				C458824413CAC196003097A4 /* main.m in Sources */,
				C458824713CAC196003097A4 /* WhereIsMyCarAppDelegate.m in Sources */,
				C458824D13CAC196003097A4 /* FirstViewController.m in Sources */,
				C458825013CAC196003097A4 /* SecondViewController.m in Sources */,
				C45882AE13CACEE5003097A4 /* CarLocator.mm in Sources */,
			);
			runOnlyForDeploymentPostprocessing = 0;
		};
/* End PBXSourcesBuildPhase section */

/* Begin PBXVariantGroup section */
		C458823F13CAC196003097A4 /* InfoPlist.strings */ = {
			isa = PBXVariantGroup;
			children = (
				C458824013CAC196003097A4 /* en */,
			);
			name = InfoPlist.strings;
			sourceTree = "<group>";
		};
		C458824813CAC196003097A4 /* MainWindow.xib */ = {
			isa = PBXVariantGroup;
			children = (
				C458824913CAC196003097A4 /* en */,
			);
			name = MainWindow.xib;
			path = WhereIsMyCar;
			sourceTree = "<group>";
		};
		C458825113CAC196003097A4 /* FirstView.xib */ = {
			isa = PBXVariantGroup;
			children = (
				C458825213CAC196003097A4 /* en */,
			);
			name = FirstView.xib;
			path = WhereIsMyCar;
			sourceTree = "<group>";
		};
		C458825413CAC196003097A4 /* SecondView.xib */ = {
			isa = PBXVariantGroup;
			children = (
				C458825513CAC196003097A4 /* en */,
			);
			name = SecondView.xib;
			path = WhereIsMyCar;
			sourceTree = "<group>";
		};
/* End PBXVariantGroup section */

/* Begin XCBuildConfiguration section */
		C458825713CAC196003097A4 /* Debug */ = {
			isa = XCBuildConfiguration;
			buildSettings = {
				ARCHS = "$(ARCHS_STANDARD_32_BIT)";
				"CODE_SIGN_IDENTITY[sdk=iphoneos*]" = "iPhone Developer";
				GCC_C_LANGUAGE_STANDARD = gnu99;
				GCC_OPTIMIZATION_LEVEL = 0;
				GCC_PREPROCESSOR_DEFINITIONS = DEBUG;
				GCC_SYMBOLS_PRIVATE_EXTERN = NO;
				GCC_VERSION = com.apple.compilers.llvmgcc42;
				GCC_WARN_ABOUT_RETURN_TYPE = YES;
				GCC_WARN_UNUSED_VARIABLE = YES;
				IPHONEOS_DEPLOYMENT_TARGET = 4.3;
				SDKROOT = iphoneos;
			};
			name = Debug;
		};
		C458825813CAC196003097A4 /* Release */ = {
			isa = XCBuildConfiguration;
			buildSettings = {
				ARCHS = "$(ARCHS_STANDARD_32_BIT)";
				"CODE_SIGN_IDENTITY[sdk=iphoneos*]" = "iPhone Developer";
				GCC_C_LANGUAGE_STANDARD = gnu99;
				GCC_VERSION = com.apple.compilers.llvmgcc42;
				GCC_WARN_ABOUT_RETURN_TYPE = YES;
				GCC_WARN_UNUSED_VARIABLE = YES;
				IPHONEOS_DEPLOYMENT_TARGET = 4.3;
				OTHER_CFLAGS = "-DNS_BLOCK_ASSERTIONS=1";
				SDKROOT = iphoneos;
			};
			name = Release;
		};
		C458825A13CAC196003097A4 /* Debug */ = {
			isa = XCBuildConfiguration;
			buildSettings = {
				ALWAYS_SEARCH_USER_PATHS = NO;
				COPY_PHASE_STRIP = NO;
				GCC_DYNAMIC_NO_PIC = NO;
				GCC_PRECOMPILE_PREFIX_HEADER = YES;
				GCC_PREFIX_HEADER = "WhereIsMyCar/WhereIsMyCar-Prefix.pch";
				INFOPLIST_FILE = "WhereIsMyCar/WhereIsMyCar-Info.plist";
				PRODUCT_NAME = "$(TARGET_NAME)";
				WRAPPER_EXTENSION = app;
			};
			name = Debug;
		};
		C458825B13CAC196003097A4 /* Release */ = {
			isa = XCBuildConfiguration;
			buildSettings = {
				ALWAYS_SEARCH_USER_PATHS = NO;
				COPY_PHASE_STRIP = YES;
				GCC_PRECOMPILE_PREFIX_HEADER = YES;
				GCC_PREFIX_HEADER = "WhereIsMyCar/WhereIsMyCar-Prefix.pch";
				INFOPLIST_FILE = "WhereIsMyCar/WhereIsMyCar-Info.plist";
				PRODUCT_NAME = "$(TARGET_NAME)";
				VALIDATE_PRODUCT = YES;
				WRAPPER_EXTENSION = app;
			};
			name = Release;
		};
/* End XCBuildConfiguration section */

/* Begin XCConfigurationList section */
		C458822C13CAC196003097A4 /* Build configuration list for PBXProject "WhereIsMyCar" */ = {
			isa = XCConfigurationList;
			buildConfigurations = (
				C458825713CAC196003097A4 /* Debug */,
				C458825813CAC196003097A4 /* Release */,
			);
			defaultConfigurationIsVisible = 0;
			defaultConfigurationName = Release;
		};
		C458825913CAC196003097A4 /* Build configuration list for PBXNativeTarget "WhereIsMyCar" */ = {
			isa = XCConfigurationList;
			buildConfigurations = (
				C458825A13CAC196003097A4 /* Debug */,
				C458825B13CAC196003097A4 /* Release */,
			);
			defaultConfigurationIsVisible = 0;
			defaultConfigurationName = Release;
		};
/* End XCConfigurationList section */
	};
	rootObject = C458822913CAC196003097A4 /* Project object */;
}
